{
  "pins" : [
    {
      "identity" : "carekit",
      "kind" : "remoteSourceControl",
      "location" : "https://github.com/cbaker6/CareKit.git",
      "state" : {
        "revision" : "8a70e07e91f03333ea058521775ed194be8d5b52",
        "version" : "2.1.7"
      }
    },
    {
      "identity" : "fhirmodels",
      "kind" : "remoteSourceControl",
      "location" : "https://github.com/apple/FHIRModels.git",
      "state" : {
        "revision" : "e115442fb3c5d44ffb1dc9b4e039b77fd143ad96",
        "version" : "0.4.0"
      }
    },
    {
      "identity" : "parse-swift",
      "kind" : "remoteSourceControl",
      "location" : "https://github.com/netreconlab/Parse-Swift.git",
      "state" : {
        "revision" : "a5ba8cb16651ea189b888981e98c2606dc73573d",
        "version" : "4.16.2"
      }
    },
    {
      "identity" : "parsecarekit",
      "kind" : "remoteSourceControl",
      "location" : "https://github.com/netreconlab/ParseCareKit.git",
      "state" : {
        "revision" : "5584541e03f280cfb0f24453287bd8fef29703b4",
        "version" : "0.10.2"
      }
    }
  ],
  "version" : 2
}
